
Microsoft Visual Studio Solution File, Format Version 12.00
# Visual Studio Version 17
VisualStudioVersion = 17.0.32112.339
MinimumVisualStudioVersion = 10.0.40219.1
Project("{FAE04EC0-301F-11D3-BF4B-00C04F79EFBC}") = "HRMIS_API", "HRMIS_API.csproj", "{D209993D-AD85-4C81-A71A-470867013EB0}"
EndProject
Global
	GlobalSection(SolutionConfigurationPlatforms) = preSolution
		Debug|Any CPU = Debug|Any CPU
		Release|Any CPU = Release|Any CPU
	EndGlobalSection
	GlobalSection(ProjectConfigurationPlatforms) = postSolution
		{D209993D-AD85-4C81-A71A-470867013EB0}.Debug|Any CPU.ActiveCfg = Debug|Any CPU
		{D209993D-AD85-4C81-A71A-470867013EB0}.Debug|Any CPU.Build.0 = Debug|Any CPU
		{D209993D-AD85-4C81-A71A-470867013EB0}.Release|Any CPU.ActiveCfg = Release|Any CPU
		{D209993D-AD85-4C81-A71A-470867013EB0}.Release|Any CPU.Build.0 = Release|Any CPU
	EndGlobalSection
	GlobalSection(SolutionProperties) = preSolution
		HideSolutionNode = FALSE
	EndGlobalSection
	GlobalSection(ExtensibilityGlobals) = postSolution
		SolutionGuid = {F3B02C06-5EAB-47B7-946A-7AA7B3573BFB}
	EndGlobalSection
EndGlobal
